// !$*UTF8*$!
{
	archiveVersion = 1;
	classes = {
	};
	objectVersion = 46;
	objects = {

/* Begin PBXBuildFile section */
		EF73A74C1DBF3F4D000B892B /* AppDelegate.swift in Sources */ = {isa = PBXBuildFile; fileRef = EF73A74B1DBF3F4D000B892B /* AppDelegate.swift */; };
		EF73A74E1DBF3F4D000B892B /* ViewController.swift in Sources */ = {isa = PBXBuildFile; fileRef = EF73A74D1DBF3F4D000B892B /* ViewController.swift */; };
		EF73A7511DBF3F4D000B892B /* Main.storyboard in Resources */ = {isa = PBXBuildFile; fileRef = EF73A74F1DBF3F4D000B892B /* Main.storyboard */; };
		EF73A7531DBF3F4D000B892B /* Assets.xcassets in Resources */ = {isa = PBXBuildFile; fileRef = EF73A7521DBF3F4D000B892B /* Assets.xcassets */; };
		EF73A7561DBF3F4D000B892B /* LaunchScreen.storyboard in Resources */ = {isa = PBXBuildFile; fileRef = EF73A7541DBF3F4D000B892B /* LaunchScreen.storyboard */; };
/* End PBXBuildFile section */

/* Begin PBXFileReference section */
		EF73A7481DBF3F4D000B892B /* TanstagramDev.app */ = {isa = PBXFileReference; explicitFileType = wrapper.application; includeInIndex = 0; path = TanstagramDev.app; sourceTree = BUILT_PRODUCTS_DIR; };
		EF73A74B1DBF3F4D000B892B /* AppDelegate.swift */ = {isa = PBXFileReference; lastKnownFileType = sourcecode.swift; path = AppDelegate.swift; sourceTree = "<group>"; };
		EF73A74D1DBF3F4D000B892B /* ViewController.swift */ = {isa = PBXFileReference; lastKnownFileType = sourcecode.swift; path = ViewController.swift; sourceTree = "<group>"; };
		EF73A7501DBF3F4D000B892B /* Base */ = {isa = PBXFileReference; lastKnownFileType = file.storyboard; name = Base; path = Base.lproj/Main.storyboard; sourceTree = "<group>"; };
		EF73A7521DBF3F4D000B892B /* Assets.xcassets */ = {isa = PBXFileReference; lastKnownFileType = folder.assetcatalog; path = Assets.xcassets; sourceTree = "<group>"; };
		EF73A7551DBF3F4D000B892B /* Base */ = {isa = PBXFileReference; lastKnownFileType = file.storyboard; name = Base; path = Base.lproj/LaunchScreen.storyboard; sourceTree = "<group>"; };
		EF73A7571DBF3F4D000B892B /* Info.plist */ = {isa = PBXFileReference; lastKnownFileType = text.plist.xml; path = Info.plist; sourceTree = "<group>"; };
/* End PBXFileReference section */

/* Begin PBXFrameworksBuildPhase section */
		EF73A7451DBF3F4D000B892B /* Frameworks */ = {
			isa = PBXFrameworksBuildPhase;
			buildActionMask = 2147483647;
			files = (
			);
			runOnlyForDeploymentPostprocessing = 0;
		};
/* End PBXFrameworksBuildPhase section */

/* Begin PBXGroup section */
		EF73A73F1DBF3F4C000B892B = {
			isa = PBXGroup;
			children = (
				EF73A74A1DBF3F4D000B892B /* TanstagramDev */,
				EF73A7491DBF3F4D000B892B /* Products */,
			);
			sourceTree = "<group>";
		};
		EF73A7491DBF3F4D000B892B /* Products */ = {
			isa = PBXGroup;
			children = (
				EF73A7481DBF3F4D000B892B /* TanstagramDev.app */,
			);
			name = Products;
			sourceTree = "<group>";
		};
		EF73A74A1DBF3F4D000B892B /* TanstagramDev */ = {
			isa = PBXGroup;
			children = (
				EF73A74B1DBF3F4D000B892B /* AppDelegate.swift */,
				EF73A74D1DBF3F4D000B892B /* ViewController.swift */,
				EF73A74F1DBF3F4D000B892B /* Main.storyboard */,
				EF73A7521DBF3F4D000B892B /* Assets.xcassets */,
				EF73A7541DBF3F4D000B892B /* LaunchScreen.storyboard */,
				EF73A7571DBF3F4D000B892B /* Info.plist */,
			);
			path = TanstagramDev;
			sourceTree = "<group>";
		};
/* End PBXGroup section */

/* Begin PBXNativeTarget section */
		EF73A7471DBF3F4D000B892B /* TanstagramDev */ = {
			isa = PBXNativeTarget;
			buildConfigurationList = EF73A75A1DBF3F4D000B892B /* Build configuration list for PBXNativeTarget "TanstagramDev" */;
			buildPhases = (
				EF73A7441DBF3F4D000B892B /* Sources */,
				EF73A7451DBF3F4D000B892B /* Frameworks */,
				EF73A7461DBF3F4D000B892B /* Resources */,
			);
			buildRules = (
			);
			dependencies = (
			);
			name = TanstagramDev;
			productName = TanstagramDev;
			productReference = EF73A7481DBF3F4D000B892B /* TanstagramDev.app */;
			productType = "com.apple.product-type.application";
		};
/* End PBXNativeTarget section */

/* Begin PBXProject section */
		EF73A7401DBF3F4C000B892B /* Project object */ = {
			isa = PBXProject;
			attributes = {
				LastSwiftUpdateCheck = 0800;
				LastUpgradeCheck = 0800;
				ORGANIZATIONNAME = Devslopes;
				TargetAttributes = {
					EF73A7471DBF3F4D000B892B = {
						CreatedOnToolsVersion = 8.0;
						DevelopmentTeam = NUW936ZHH8;
						ProvisioningStyle = Automatic;
					};
				};
			};
			buildConfigurationList = EF73A7431DBF3F4C000B892B /* Build configuration list for PBXProject "TanstagramDev" */;
			compatibilityVersion = "Xcode 3.2";
			developmentRegion = English;
			hasScannedForEncodings = 0;
			knownRegions = (
				en,
				Base,
			);
			mainGroup = EF73A73F1DBF3F4C000B892B;
			productRefGroup = EF73A7491DBF3F4D000B892B /* Products */;
			projectDirPath = "";
			projectRoot = "";
			targets = (
				EF73A7471DBF3F4D000B892B /* TanstagramDev */,
			);
		};
/* End PBXProject section */

/* Begin PBXResourcesBuildPhase section */
		EF73A7461DBF3F4D000B892B /* Resources */ = {
			isa = PBXResourcesBuildPhase;
			buildActionMask = 2147483647;
			files = (
				EF73A7561DBF3F4D000B892B /* LaunchScreen.storyboard in Resources */,
				EF73A7531DBF3F4D000B892B /* Assets.xcassets in Resources */,
				EF73A7511DBF3F4D000B892B /* Main.storyboard in Resources */,
			);
			runOnlyForDeploymentPostprocessing = 0;
		};
/* End PBXResourcesBuildPhase section */

/* Begin PBXSourcesBuildPhase section */
		EF73A7441DBF3F4D000B892B /* Sources */ = {
			isa = PBXSourcesBuildPhase;
			buildActionMask = 2147483647;
			files = (
				EF73A74E1DBF3F4D000B892B /* ViewController.swift in Sources */,
				EF73A74C1DBF3F4D000B892B /* AppDelegate.swift in Sources */,
			);
			runOnlyForDeploymentPostprocessing = 0;
		};
/* End PBXSourcesBuildPhase section */

/* Begin PBXVariantGroup section */
		EF73A74F1DBF3F4D000B892B /* Main.storyboard */ = {
			isa = PBXVariantGroup;
			children = (
				EF73A7501DBF3F4D000B892B /* Base */,
			);
			name = Main.storyboard;
			sourceTree = "<group>";
		};
		EF73A7541DBF3F4D000B892B /* LaunchScreen.storyboard */ = {
			isa = PBXVariantGroup;
			children = (
				EF73A7551DBF3F4D000B892B /* Base */,
			);
			name = LaunchScreen.storyboard;
			sourceTree = "<group>";
		};
/* End PBXVariantGroup section */

/* Begin XCBuildConfiguration section */
		EF73A7581DBF3F4D000B892B /* Debug */ = {
			isa = XCBuildConfiguration;
			buildSettings = {
				ALWAYS_SEARCH_USER_PATHS = NO;
				CLANG_ANALYZER_NONNULL = YES;
				CLANG_CXX_LANGUAGE_STANDARD = "gnu++0x";
				CLANG_CXX_LIBRARY = "libc++";
				CLANG_ENABLE_MODULES = YES;
				CLANG_ENABLE_OBJC_ARC = YES;
				CLANG_WARN_BOOL_CONVERSION = YES;
				CLANG_WARN_CONSTANT_CONVERSION = YES;
				CLANG_WARN_DIRECT_OBJC_ISA_USAGE = YES_ERROR;
				CLANG_WARN_DOCUMENTATION_COMMENTS = YES;
				CLANG_WARN_EMPTY_BODY = YES;
				CLANG_WARN_ENUM_CONVERSION = YES;
				CLANG_WARN_INFINITE_RECURSION = YES;
				CLANG_WARN_INT_CONVERSION = YES;
				CLANG_WARN_OBJC_ROOT_CLASS = YES_ERROR;
				CLANG_WARN_SUSPICIOUS_MOVES = YES;
				CLANG_WARN_UNREACHABLE_CODE = YES;
				CLANG_WARN__DUPLICATE_METHOD_MATCH = YES;
				"CODE_SIGN_IDENTITY[sdk=iphoneos*]" = "iPhone Developer";
				COPY_PHASE_STRIP = NO;
				DEBUG_INFORMATION_FORMAT = dwarf;
				ENABLE_STRICT_OBJC_MSGSEND = YES;
				ENABLE_TESTABILITY = YES;
				GCC_C_LANGUAGE_STANDARD = gnu99;
				GCC_DYNAMIC_NO_PIC = NO;
				GCC_NO_COMMON_BLOCKS = YES;
				GCC_OPTIMIZATION_LEVEL = 0;
				GCC_PREPROCESSOR_DEFINITIONS = (
					"DEBUG=1",
					"$(inherited)",
				);
				GCC_WARN_64_TO_32_BIT_CONVERSION = YES;
				GCC_WARN_ABOUT_RETURN_TYPE = YES_ERROR;
				GCC_WARN_UNDECLARED_SELECTOR = YES;
				GCC_WARN_UNINITIALIZED_AUTOS = YES_AGGRESSIVE;
				GCC_WARN_UNUSED_FUNCTION = YES;
				GCC_WARN_UNUSED_VARIABLE = YES;
				IPHONEOS_DEPLOYMENT_TARGET = 10.0;
				MTL_ENABLE_DEBUG_INFO = YES;
				ONLY_ACTIVE_ARCH = YES;
				SDKROOT = iphoneos;
				SWIFT_ACTIVE_COMPILATION_CONDITIONS = DEBUG;
				SWIFT_OPTIMIZATION_LEVEL = "-Onone";
				TARGETED_DEVICE_FAMILY = "1,2";
			};
			name = Debug;
		};
		EF73A7591DBF3F4D000B892B /* Release */ = {
			isa = XCBuildConfiguration;
			buildSettings = {
				ALWAYS_SEARCH_USER_PATHS = NO;
				CLANG_ANALYZER_NONNULL = YES;
				CLANG_CXX_LANGUAGE_STANDARD = "gnu++0x";
				CLANG_CXX_LIBRARY = "libc++";
				CLANG_ENABLE_MODULES = YES;
				CLANG_ENABLE_OBJC_ARC = YES;
				CLANG_WARN_BOOL_CONVERSION = YES;
				CLANG_WARN_CONSTANT_CONVERSION = YES;
				CLANG_WARN_DIRECT_OBJC_ISA_USAGE = YES_ERROR;
				CLANG_WARN_DOCUMENTATION_COMMENTS = YES;
				CLANG_WARN_EMPTY_BODY = YES;
				CLANG_WARN_ENUM_CONVERSION = YES;
				CLANG_WARN_INFINITE_RECURSION = YES;
				CLANG_WARN_INT_CONVERSION = YES;
				CLANG_WARN_OBJC_ROOT_CLASS = YES_ERROR;
				CLANG_WARN_SUSPICIOUS_MOVES = YES;
				CLANG_WARN_UNREACHABLE_CODE = YES;
				CLANG_WARN__DUPLICATE_METHOD_MATCH = YES;
				"CODE_SIGN_IDENTITY[sdk=iphoneos*]" = "iPhone Developer";
				COPY_PHASE_STRIP = NO;
				DEBUG_INFORMATION_FORMAT = "dwarf-with-dsym";
				ENABLE_NS_ASSERTIONS = NO;
				ENABLE_STRICT_OBJC_MSGSEND = YES;
				GCC_C_LANGUAGE_STANDARD = gnu99;
				GCC_NO_COMMON_BLOCKS = YES;
				GCC_WARN_64_TO_32_BIT_CONVERSION = YES;
				GCC_WARN_ABOUT_RETURN_TYPE = YES_ERROR;
				GCC_WARN_UNDECLARED_SELECTOR = YES;
				GCC_WARN_UNINITIALIZED_AUTOS = YES_AGGRESSIVE;
				GCC_WARN_UNUSED_FUNCTION = YES;
				GCC_WARN_UNUSED_VARIABLE = YES;
				IPHONEOS_DEPLOYMENT_TARGET = 10.0;
				MTL_ENABLE_DEBUG_INFO = NO;
				SDKROOT = iphoneos;
				SWIFT_OPTIMIZATION_LEVEL = "-Owholemodule";
				TARGETED_DEVICE_FAMILY = "1,2";
				VALIDATE_PRODUCT = YES;
			};
			name = Release;
		};
		EF73A75B1DBF3F4D000B892B /* Debug */ = {
			isa = XCBuildConfiguration;
			buildSettings = {
				ASSETCATALOG_COMPILER_APPICON_NAME = AppIcon;
				DEVELOPMENT_TEAM = NUW936ZHH8;
				INFOPLIST_FILE = TanstagramDev/Info.plist;
				LD_RUNPATH_SEARCH_PATHS = "$(inherited) @executable_path/Frameworks";
				PRODUCT_BUNDLE_IDENTIFIER = com.devslopes.TanstagramDev;
				PRODUCT_NAME = "$(TARGET_NAME)";
				SWIFT_VERSION = 3.0;
			};
			name = Debug;
		};
		EF73A75C1DBF3F4D000B892B /* Release */ = {
			isa = XCBuildConfiguration;
			buildSettings = {
				ASSETCATALOG_COMPILER_APPICON_NAME = AppIcon;
				DEVELOPMENT_TEAM = NUW936ZHH8;
				INFOPLIST_FILE = TanstagramDev/Info.plist;
				LD_RUNPATH_SEARCH_PATHS = "$(inherited) @executable_path/Frameworks";
				PRODUCT_BUNDLE_IDENTIFIER = com.devslopes.TanstagramDev;
				PRODUCT_NAME = "$(TARGET_NAME)";
				SWIFT_VERSION = 3.0;
			};
			name = Release;
		};
/* End XCBuildConfiguration section */

/* Begin XCConfigurationList section */
		EF73A7431DBF3F4C000B892B /* Build configuration list for PBXProject "TanstagramDev" */ = {
			isa = XCConfigurationList;
			buildConfigurations = (
				EF73A7581DBF3F4D000B892B /* Debug */,
				EF73A7591DBF3F4D000B892B /* Release */,
			);
			defaultConfigurationIsVisible = 0;
			defaultConfigurationName = Release;
		};
		EF73A75A1DBF3F4D000B892B /* Build configuration list for PBXNativeTarget "TanstagramDev" */ = {
			isa = XCConfigurationList;
			buildConfigurations = (
				EF73A75B1DBF3F4D000B892B /* Debug */,
				EF73A75C1DBF3F4D000B892B /* Release */,
			);
			defaultConfigurationIsVisible = 0;
		};
/* End XCConfigurationList section */
	};
	rootObject = EF73A7401DBF3F4C000B892B /* Project object */;
}
