// !$*UTF8*$!
{
	archiveVersion = 1;
	classes = {
	};
	objectVersion = 46;
	objects = {

/* Begin PBXBuildFile section */
		F9072C591DB4A6E900710D99 /* DataService.swift in Sources */ = {isa = PBXBuildFile; fileRef = F9072C581DB4A6E900710D99 /* DataService.swift */; };
		F931797D1DB467E100AB2A7B /* AddPostVC.swift in Sources */ = {isa = PBXBuildFile; fileRef = F931797C1DB467E100AB2A7B /* AddPostVC.swift */; };
		F984ADDE1DB3F32B0070A3BC /* AppDelegate.swift in Sources */ = {isa = PBXBuildFile; fileRef = F984ADDD1DB3F32B0070A3BC /* AppDelegate.swift */; };
		F984ADE01DB3F32B0070A3BC /* ViewController.swift in Sources */ = {isa = PBXBuildFile; fileRef = F984ADDF1DB3F32B0070A3BC /* ViewController.swift */; };
		F984ADE31DB3F32B0070A3BC /* Main.storyboard in Resources */ = {isa = PBXBuildFile; fileRef = F984ADE11DB3F32B0070A3BC /* Main.storyboard */; };
		F984ADE51DB3F32B0070A3BC /* Assets.xcassets in Resources */ = {isa = PBXBuildFile; fileRef = F984ADE41DB3F32B0070A3BC /* Assets.xcassets */; };
		F984ADE81DB3F32B0070A3BC /* LaunchScreen.storyboard in Resources */ = {isa = PBXBuildFile; fileRef = F984ADE61DB3F32B0070A3BC /* LaunchScreen.storyboard */; };
		F984ADF11DB400BA0070A3BC /* Post.swift in Sources */ = {isa = PBXBuildFile; fileRef = F984ADF01DB400BA0070A3BC /* Post.swift */; };
		F984ADF61DB452330070A3BC /* PostCell.swift in Sources */ = {isa = PBXBuildFile; fileRef = F984ADF51DB452330070A3BC /* PostCell.swift */; };
/* End PBXBuildFile section */

/* Begin PBXFileReference section */
		F9072C581DB4A6E900710D99 /* DataService.swift */ = {isa = PBXFileReference; fileEncoding = 4; lastKnownFileType = sourcecode.swift; path = DataService.swift; sourceTree = "<group>"; };
		F931797C1DB467E100AB2A7B /* AddPostVC.swift */ = {isa = PBXFileReference; fileEncoding = 4; lastKnownFileType = sourcecode.swift; path = AddPostVC.swift; sourceTree = "<group>"; };
		F984ADDA1DB3F32B0070A3BC /* MyHood.app */ = {isa = PBXFileReference; explicitFileType = wrapper.application; includeInIndex = 0; path = MyHood.app; sourceTree = BUILT_PRODUCTS_DIR; };
		F984ADDD1DB3F32B0070A3BC /* AppDelegate.swift */ = {isa = PBXFileReference; lastKnownFileType = sourcecode.swift; path = AppDelegate.swift; sourceTree = "<group>"; };
		F984ADDF1DB3F32B0070A3BC /* ViewController.swift */ = {isa = PBXFileReference; lastKnownFileType = sourcecode.swift; path = ViewController.swift; sourceTree = "<group>"; };
		F984ADE21DB3F32B0070A3BC /* Base */ = {isa = PBXFileReference; lastKnownFileType = file.storyboard; name = Base; path = Base.lproj/Main.storyboard; sourceTree = "<group>"; };
		F984ADE41DB3F32B0070A3BC /* Assets.xcassets */ = {isa = PBXFileReference; lastKnownFileType = folder.assetcatalog; path = Assets.xcassets; sourceTree = "<group>"; };
		F984ADE71DB3F32B0070A3BC /* Base */ = {isa = PBXFileReference; lastKnownFileType = file.storyboard; name = Base; path = Base.lproj/LaunchScreen.storyboard; sourceTree = "<group>"; };
		F984ADE91DB3F32B0070A3BC /* Info.plist */ = {isa = PBXFileReference; lastKnownFileType = text.plist.xml; path = Info.plist; sourceTree = "<group>"; };
		F984ADF01DB400BA0070A3BC /* Post.swift */ = {isa = PBXFileReference; fileEncoding = 4; lastKnownFileType = sourcecode.swift; path = Post.swift; sourceTree = "<group>"; };
		F984ADF51DB452330070A3BC /* PostCell.swift */ = {isa = PBXFileReference; fileEncoding = 4; lastKnownFileType = sourcecode.swift; path = PostCell.swift; sourceTree = "<group>"; };
/* End PBXFileReference section */

/* Begin PBXFrameworksBuildPhase section */
		F984ADD71DB3F32B0070A3BC /* Frameworks */ = {
			isa = PBXFrameworksBuildPhase;
			buildActionMask = 2147483647;
			files = (
			);
			runOnlyForDeploymentPostprocessing = 0;
		};
/* End PBXFrameworksBuildPhase section */

/* Begin PBXGroup section */
		F9072C571DB4A6D200710D99 /* Services */ = {
			isa = PBXGroup;
			children = (
				F9072C581DB4A6E900710D99 /* DataService.swift */,
			);
			name = Services;
			sourceTree = "<group>";
		};
		F931797B1DB4674100AB2A7B /* Controller */ = {
			isa = PBXGroup;
			children = (
				F931797C1DB467E100AB2A7B /* AddPostVC.swift */,
				F984ADDF1DB3F32B0070A3BC /* ViewController.swift */,
			);
			name = Controller;
			sourceTree = "<group>";
		};
		F984ADD11DB3F32B0070A3BC = {
			isa = PBXGroup;
			children = (
				F984ADDC1DB3F32B0070A3BC /* MyHood */,
				F984ADDB1DB3F32B0070A3BC /* Products */,
			);
			sourceTree = "<group>";
		};
		F984ADDB1DB3F32B0070A3BC /* Products */ = {
			isa = PBXGroup;
			children = (
				F984ADDA1DB3F32B0070A3BC /* MyHood.app */,
			);
			name = Products;
			sourceTree = "<group>";
		};
		F984ADDC1DB3F32B0070A3BC /* MyHood */ = {
			isa = PBXGroup;
			children = (
				F9072C571DB4A6D200710D99 /* Services */,
				F984ADF21DB44F7E0070A3BC /* View */,
				F984ADEF1DB400400070A3BC /* Model */,
				F931797B1DB4674100AB2A7B /* Controller */,
				F984ADDD1DB3F32B0070A3BC /* AppDelegate.swift */,
				F984ADE11DB3F32B0070A3BC /* Main.storyboard */,
				F984ADE41DB3F32B0070A3BC /* Assets.xcassets */,
				F984ADE61DB3F32B0070A3BC /* LaunchScreen.storyboard */,
				F984ADE91DB3F32B0070A3BC /* Info.plist */,
			);
			path = MyHood;
			sourceTree = "<group>";
		};
		F984ADEF1DB400400070A3BC /* Model */ = {
			isa = PBXGroup;
			children = (
				F984ADF01DB400BA0070A3BC /* Post.swift */,
			);
			name = Model;
			sourceTree = "<group>";
		};
		F984ADF21DB44F7E0070A3BC /* View */ = {
			isa = PBXGroup;
			children = (
				F984ADF51DB452330070A3BC /* PostCell.swift */,
			);
			name = View;
			sourceTree = "<group>";
		};
/* End PBXGroup section */

/* Begin PBXNativeTarget section */
		F984ADD91DB3F32B0070A3BC /* MyHood */ = {
			isa = PBXNativeTarget;
			buildConfigurationList = F984ADEC1DB3F32B0070A3BC /* Build configuration list for PBXNativeTarget "MyHood" */;
			buildPhases = (
				F984ADD61DB3F32B0070A3BC /* Sources */,
				F984ADD71DB3F32B0070A3BC /* Frameworks */,
				F984ADD81DB3F32B0070A3BC /* Resources */,
			);
			buildRules = (
			);
			dependencies = (
			);
			name = MyHood;
			productName = MyHood;
			productReference = F984ADDA1DB3F32B0070A3BC /* MyHood.app */;
			productType = "com.apple.product-type.application";
		};
/* End PBXNativeTarget section */

/* Begin PBXProject section */
		F984ADD21DB3F32B0070A3BC /* Project object */ = {
			isa = PBXProject;
			attributes = {
				LastSwiftUpdateCheck = 0800;
				LastUpgradeCheck = 0800;
				ORGANIZATIONNAME = "Jonny B";
				TargetAttributes = {
					F984ADD91DB3F32B0070A3BC = {
						CreatedOnToolsVersion = 8.0;
						DevelopmentTeam = Q95N8J45EC;
						ProvisioningStyle = Automatic;
					};
				};
			};
			buildConfigurationList = F984ADD51DB3F32B0070A3BC /* Build configuration list for PBXProject "MyHood" */;
			compatibilityVersion = "Xcode 3.2";
			developmentRegion = English;
			hasScannedForEncodings = 0;
			knownRegions = (
				en,
				Base,
			);
			mainGroup = F984ADD11DB3F32B0070A3BC;
			productRefGroup = F984ADDB1DB3F32B0070A3BC /* Products */;
			projectDirPath = "";
			projectRoot = "";
			targets = (
				F984ADD91DB3F32B0070A3BC /* MyHood */,
			);
		};
/* End PBXProject section */

/* Begin PBXResourcesBuildPhase section */
		F984ADD81DB3F32B0070A3BC /* Resources */ = {
			isa = PBXResourcesBuildPhase;
			buildActionMask = 2147483647;
			files = (
				F984ADE81DB3F32B0070A3BC /* LaunchScreen.storyboard in Resources */,
				F984ADE51DB3F32B0070A3BC /* Assets.xcassets in Resources */,
				F984ADE31DB3F32B0070A3BC /* Main.storyboard in Resources */,
			);
			runOnlyForDeploymentPostprocessing = 0;
		};
/* End PBXResourcesBuildPhase section */

/* Begin PBXSourcesBuildPhase section */
		F984ADD61DB3F32B0070A3BC /* Sources */ = {
			isa = PBXSourcesBuildPhase;
			buildActionMask = 2147483647;
			files = (
				F984ADF11DB400BA0070A3BC /* Post.swift in Sources */,
				F984ADE01DB3F32B0070A3BC /* ViewController.swift in Sources */,
				F931797D1DB467E100AB2A7B /* AddPostVC.swift in Sources */,
				F9072C591DB4A6E900710D99 /* DataService.swift in Sources */,
				F984ADDE1DB3F32B0070A3BC /* AppDelegate.swift in Sources */,
				F984ADF61DB452330070A3BC /* PostCell.swift in Sources */,
			);
			runOnlyForDeploymentPostprocessing = 0;
		};
/* End PBXSourcesBuildPhase section */

/* Begin PBXVariantGroup section */
		F984ADE11DB3F32B0070A3BC /* Main.storyboard */ = {
			isa = PBXVariantGroup;
			children = (
				F984ADE21DB3F32B0070A3BC /* Base */,
			);
			name = Main.storyboard;
			sourceTree = "<group>";
		};
		F984ADE61DB3F32B0070A3BC /* LaunchScreen.storyboard */ = {
			isa = PBXVariantGroup;
			children = (
				F984ADE71DB3F32B0070A3BC /* Base */,
			);
			name = LaunchScreen.storyboard;
			sourceTree = "<group>";
		};
/* End PBXVariantGroup section */

/* Begin XCBuildConfiguration section */
		F984ADEA1DB3F32B0070A3BC /* Debug */ = {
			isa = XCBuildConfiguration;
			buildSettings = {
				ALWAYS_SEARCH_USER_PATHS = NO;
				CLANG_ANALYZER_NONNULL = YES;
				CLANG_CXX_LANGUAGE_STANDARD = "gnu++0x";
				CLANG_CXX_LIBRARY = "libc++";
				CLANG_ENABLE_MODULES = YES;
				CLANG_ENABLE_OBJC_ARC = YES;
				CLANG_WARN_BOOL_CONVERSION = YES;
				CLANG_WARN_CONSTANT_CONVERSION = YES;
				CLANG_WARN_DIRECT_OBJC_ISA_USAGE = YES_ERROR;
				CLANG_WARN_DOCUMENTATION_COMMENTS = YES;
				CLANG_WARN_EMPTY_BODY = YES;
				CLANG_WARN_ENUM_CONVERSION = YES;
				CLANG_WARN_INFINITE_RECURSION = YES;
				CLANG_WARN_INT_CONVERSION = YES;
				CLANG_WARN_OBJC_ROOT_CLASS = YES_ERROR;
				CLANG_WARN_SUSPICIOUS_MOVES = YES;
				CLANG_WARN_UNREACHABLE_CODE = YES;
				CLANG_WARN__DUPLICATE_METHOD_MATCH = YES;
				"CODE_SIGN_IDENTITY[sdk=iphoneos*]" = "iPhone Developer";
				COPY_PHASE_STRIP = NO;
				DEBUG_INFORMATION_FORMAT = dwarf;
				ENABLE_STRICT_OBJC_MSGSEND = YES;
				ENABLE_TESTABILITY = YES;
				GCC_C_LANGUAGE_STANDARD = gnu99;
				GCC_DYNAMIC_NO_PIC = NO;
				GCC_NO_COMMON_BLOCKS = YES;
				GCC_OPTIMIZATION_LEVEL = 0;
				GCC_PREPROCESSOR_DEFINITIONS = (
					"DEBUG=1",
					"$(inherited)",
				);
				GCC_WARN_64_TO_32_BIT_CONVERSION = YES;
				GCC_WARN_ABOUT_RETURN_TYPE = YES_ERROR;
				GCC_WARN_UNDECLARED_SELECTOR = YES;
				GCC_WARN_UNINITIALIZED_AUTOS = YES_AGGRESSIVE;
				GCC_WARN_UNUSED_FUNCTION = YES;
				GCC_WARN_UNUSED_VARIABLE = YES;
				IPHONEOS_DEPLOYMENT_TARGET = 10.0;
				MTL_ENABLE_DEBUG_INFO = YES;
				ONLY_ACTIVE_ARCH = YES;
				SDKROOT = iphoneos;
				SWIFT_ACTIVE_COMPILATION_CONDITIONS = DEBUG;
				SWIFT_OPTIMIZATION_LEVEL = "-Onone";
			};
			name = Debug;
		};
		F984ADEB1DB3F32B0070A3BC /* Release */ = {
			isa = XCBuildConfiguration;
			buildSettings = {
				ALWAYS_SEARCH_USER_PATHS = NO;
				CLANG_ANALYZER_NONNULL = YES;
				CLANG_CXX_LANGUAGE_STANDARD = "gnu++0x";
				CLANG_CXX_LIBRARY = "libc++";
				CLANG_ENABLE_MODULES = YES;
				CLANG_ENABLE_OBJC_ARC = YES;
				CLANG_WARN_BOOL_CONVERSION = YES;
				CLANG_WARN_CONSTANT_CONVERSION = YES;
				CLANG_WARN_DIRECT_OBJC_ISA_USAGE = YES_ERROR;
				CLANG_WARN_DOCUMENTATION_COMMENTS = YES;
				CLANG_WARN_EMPTY_BODY = YES;
				CLANG_WARN_ENUM_CONVERSION = YES;
				CLANG_WARN_INFINITE_RECURSION = YES;
				CLANG_WARN_INT_CONVERSION = YES;
				CLANG_WARN_OBJC_ROOT_CLASS = YES_ERROR;
				CLANG_WARN_SUSPICIOUS_MOVES = YES;
				CLANG_WARN_UNREACHABLE_CODE = YES;
				CLANG_WARN__DUPLICATE_METHOD_MATCH = YES;
				"CODE_SIGN_IDENTITY[sdk=iphoneos*]" = "iPhone Developer";
				COPY_PHASE_STRIP = NO;
				DEBUG_INFORMATION_FORMAT = "dwarf-with-dsym";
				ENABLE_NS_ASSERTIONS = NO;
				ENABLE_STRICT_OBJC_MSGSEND = YES;
				GCC_C_LANGUAGE_STANDARD = gnu99;
				GCC_NO_COMMON_BLOCKS = YES;
				GCC_WARN_64_TO_32_BIT_CONVERSION = YES;
				GCC_WARN_ABOUT_RETURN_TYPE = YES_ERROR;
				GCC_WARN_UNDECLARED_SELECTOR = YES;
				GCC_WARN_UNINITIALIZED_AUTOS = YES_AGGRESSIVE;
				GCC_WARN_UNUSED_FUNCTION = YES;
				GCC_WARN_UNUSED_VARIABLE = YES;
				IPHONEOS_DEPLOYMENT_TARGET = 10.0;
				MTL_ENABLE_DEBUG_INFO = NO;
				SDKROOT = iphoneos;
				SWIFT_OPTIMIZATION_LEVEL = "-Owholemodule";
				VALIDATE_PRODUCT = YES;
			};
			name = Release;
		};
		F984ADED1DB3F32B0070A3BC /* Debug */ = {
			isa = XCBuildConfiguration;
			buildSettings = {
				ASSETCATALOG_COMPILER_APPICON_NAME = AppIcon;
				DEVELOPMENT_TEAM = Q95N8J45EC;
				INFOPLIST_FILE = MyHood/Info.plist;
				LD_RUNPATH_SEARCH_PATHS = "$(inherited) @executable_path/Frameworks";
				PRODUCT_BUNDLE_IDENTIFIER = com.jonathanburgoyne.MyHood;
				PRODUCT_NAME = "$(TARGET_NAME)";
				SWIFT_VERSION = 3.0;
			};
			name = Debug;
		};
		F984ADEE1DB3F32B0070A3BC /* Release */ = {
			isa = XCBuildConfiguration;
			buildSettings = {
				ASSETCATALOG_COMPILER_APPICON_NAME = AppIcon;
				DEVELOPMENT_TEAM = Q95N8J45EC;
				INFOPLIST_FILE = MyHood/Info.plist;
				LD_RUNPATH_SEARCH_PATHS = "$(inherited) @executable_path/Frameworks";
				PRODUCT_BUNDLE_IDENTIFIER = com.jonathanburgoyne.MyHood;
				PRODUCT_NAME = "$(TARGET_NAME)";
				SWIFT_VERSION = 3.0;
			};
			name = Release;
		};
/* End XCBuildConfiguration section */

/* Begin XCConfigurationList section */
		F984ADD51DB3F32B0070A3BC /* Build configuration list for PBXProject "MyHood" */ = {
			isa = XCConfigurationList;
			buildConfigurations = (
				F984ADEA1DB3F32B0070A3BC /* Debug */,
				F984ADEB1DB3F32B0070A3BC /* Release */,
			);
			defaultConfigurationIsVisible = 0;
			defaultConfigurationName = Release;
		};
		F984ADEC1DB3F32B0070A3BC /* Build configuration list for PBXNativeTarget "MyHood" */ = {
			isa = XCConfigurationList;
			buildConfigurations = (
				F984ADED1DB3F32B0070A3BC /* Debug */,
				F984ADEE1DB3F32B0070A3BC /* Release */,
			);
			defaultConfigurationIsVisible = 0;
			defaultConfigurationName = Release;
		};
/* End XCConfigurationList section */
	};
	rootObject = F984ADD21DB3F32B0070A3BC /* Project object */;
}
